
Microsoft Visual Studio Solution File, Format Version 12.00
# Visual Studio Version 17
VisualStudioVersion = 17.4.33213.308
MinimumVisualStudioVersion = 10.0.40219.1
Project("{FAE04EC0-301F-11D3-BF4B-00C04F79EFBC}") = "8.Calcule las cantidades de Semanas", "8.Calcule las cantidades de Semanas.csproj", "{073EDE52-49AC-4C34-9662-0CC4E7086A45}"
EndProject
Global
	GlobalSection(SolutionConfigurationPlatforms) = preSolution
		Debug|Any CPU = Debug|Any CPU
		Release|Any CPU = Release|Any CPU
	EndGlobalSection
	GlobalSection(ProjectConfigurationPlatforms) = postSolution
		{073EDE52-49AC-4C34-9662-0CC4E7086A45}.Debug|Any CPU.ActiveCfg = Debug|Any CPU
		{073EDE52-49AC-4C34-9662-0CC4E7086A45}.Debug|Any CPU.Build.0 = Debug|Any CPU
		{073EDE52-49AC-4C34-9662-0CC4E7086A45}.Release|Any CPU.ActiveCfg = Release|Any CPU
		{073EDE52-49AC-4C34-9662-0CC4E7086A45}.Release|Any CPU.Build.0 = Release|Any CPU
	EndGlobalSection
	GlobalSection(SolutionProperties) = preSolution
		HideSolutionNode = FALSE
	EndGlobalSection
	GlobalSection(ExtensibilityGlobals) = postSolution
		SolutionGuid = {638373C0-7F47-482F-8CAF-BFD6B128E04A}
	EndGlobalSection
EndGlobal
